PODS:
  - Flutter (1.0.0)
  - HM_AlipaySDK_No_UTDID (15.8.03)
  - tobias (0.0.1):
    - Flutter
    - HM_AlipaySDK_No_UTDID

DEPENDENCIES:
  - Flutter (from `Flutter`)
  - tobias (from `.symlinks/plugins/tobias/ios`)

SPEC REPOS:
  https://gitee.com/HuiMin18/RepoSpecs.git:
    - HM_AlipaySDK_No_UTDID

EXTERNAL SOURCES:
  Flutter:
    :path: Flutter
  tobias:
    :path: ".symlinks/plugins/tobias/ios"

SPEC CHECKSUMS:
  Flutter: 434fef37c0980e73bb6479ef766c45957d4b510c
  HM_AlipaySDK_No_UTDID: 347557e10ab76241601f37c3ac6cb87339a25689
  tobias: 4288cb665a14841e7d24ccda456ed2292dc4a6e1

PODFILE CHECKSUM: 1d6af135b999a14468693d6cb076228e94ca5b81

COCOAPODS: 1.10.1
